
Microsoft Visual Studio Solution File, Format Version 12.00
# Visual Studio Version 16
VisualStudioVersion = 16.0.31624.102
MinimumVisualStudioVersion = 10.0.40219.1
Project("{FAE04EC0-301F-11D3-BF4B-00C04F79EFBC}") = "Lab03", "Lab03\Lab03.csproj", "{6EFA2630-D7D5-472E-A44E-D7FEF43B2665}"
EndProject
Global
	GlobalSection(SolutionConfigurationPlatforms) = preSolution
		Debug|Any CPU = Debug|Any CPU
		Release|Any CPU = Release|Any CPU
	EndGlobalSection
	GlobalSection(ProjectConfigurationPlatforms) = postSolution
		{6EFA2630-D7D5-472E-A44E-D7FEF43B2665}.Debug|Any CPU.ActiveCfg = Debug|Any CPU
		{6EFA2630-D7D5-472E-A44E-D7FEF43B2665}.Debug|Any CPU.Build.0 = Debug|Any CPU
		{6EFA2630-D7D5-472E-A44E-D7FEF43B2665}.Release|Any CPU.ActiveCfg = Release|Any CPU
		{6EFA2630-D7D5-472E-A44E-D7FEF43B2665}.Release|Any CPU.Build.0 = Release|Any CPU
	EndGlobalSection
	GlobalSection(SolutionProperties) = preSolution
		HideSolutionNode = FALSE
	EndGlobalSection
	GlobalSection(ExtensibilityGlobals) = postSolution
		SolutionGuid = {C90114CC-114F-473F-9A6C-55E05024BD4F}
	EndGlobalSection
EndGlobal
