
Microsoft Visual Studio Solution File, Format Version 12.00
# Visual Studio Version 16
VisualStudioVersion = 16.0.31624.102
MinimumVisualStudioVersion = 10.0.40219.1
Project("{FAE04EC0-301F-11D3-BF4B-00C04F79EFBC}") = "Negocio", "Negocio\Negocio.csproj", "{EA3EF564-94B0-4F0F-90C1-513FB79689FC}"
EndProject
Project("{FAE04EC0-301F-11D3-BF4B-00C04F79EFBC}") = "Datos", "Datos\Datos.csproj", "{3C7538E5-49E3-4DE5-B7D2-BB05F6A9A2BD}"
EndProject
Project("{FAE04EC0-301F-11D3-BF4B-00C04F79EFBC}") = "Presentacion", "Presentacion\Presentacion.csproj", "{72F2480B-9D4C-4FBF-B583-1CB4F59FCA4D}"
EndProject
Global
	GlobalSection(SolutionConfigurationPlatforms) = preSolution
		Debug|Any CPU = Debug|Any CPU
		Release|Any CPU = Release|Any CPU
	EndGlobalSection
	GlobalSection(ProjectConfigurationPlatforms) = postSolution
		{EA3EF564-94B0-4F0F-90C1-513FB79689FC}.Debug|Any CPU.ActiveCfg = Debug|Any CPU
		{EA3EF564-94B0-4F0F-90C1-513FB79689FC}.Debug|Any CPU.Build.0 = Debug|Any CPU
		{EA3EF564-94B0-4F0F-90C1-513FB79689FC}.Release|Any CPU.ActiveCfg = Release|Any CPU
		{EA3EF564-94B0-4F0F-90C1-513FB79689FC}.Release|Any CPU.Build.0 = Release|Any CPU
		{3C7538E5-49E3-4DE5-B7D2-BB05F6A9A2BD}.Debug|Any CPU.ActiveCfg = Debug|Any CPU
		{3C7538E5-49E3-4DE5-B7D2-BB05F6A9A2BD}.Debug|Any CPU.Build.0 = Debug|Any CPU
		{3C7538E5-49E3-4DE5-B7D2-BB05F6A9A2BD}.Release|Any CPU.ActiveCfg = Release|Any CPU
		{3C7538E5-49E3-4DE5-B7D2-BB05F6A9A2BD}.Release|Any CPU.Build.0 = Release|Any CPU
		{72F2480B-9D4C-4FBF-B583-1CB4F59FCA4D}.Debug|Any CPU.ActiveCfg = Debug|Any CPU
		{72F2480B-9D4C-4FBF-B583-1CB4F59FCA4D}.Debug|Any CPU.Build.0 = Debug|Any CPU
		{72F2480B-9D4C-4FBF-B583-1CB4F59FCA4D}.Release|Any CPU.ActiveCfg = Release|Any CPU
		{72F2480B-9D4C-4FBF-B583-1CB4F59FCA4D}.Release|Any CPU.Build.0 = Release|Any CPU
	EndGlobalSection
	GlobalSection(SolutionProperties) = preSolution
		HideSolutionNode = FALSE
	EndGlobalSection
	GlobalSection(ExtensibilityGlobals) = postSolution
		SolutionGuid = {7D60925C-9BCC-47A8-9781-94FC10DF7D97}
	EndGlobalSection
EndGlobal
