
Microsoft Visual Studio Solution File, Format Version 12.00
# Visual Studio Version 16
VisualStudioVersion = 16.0.31624.102
MinimumVisualStudioVersion = 10.0.40219.1
Project("{FAE04EC0-301F-11D3-BF4B-00C04F79EFBC}") = "Lab14", "Lab14.csproj", "{1856E8C7-3BD1-4F4A-B2C1-A24F0DAE8CCD}"
EndProject
Global
	GlobalSection(SolutionConfigurationPlatforms) = preSolution
		Debug|Any CPU = Debug|Any CPU
		Release|Any CPU = Release|Any CPU
	EndGlobalSection
	GlobalSection(ProjectConfigurationPlatforms) = postSolution
		{1856E8C7-3BD1-4F4A-B2C1-A24F0DAE8CCD}.Debug|Any CPU.ActiveCfg = Debug|Any CPU
		{1856E8C7-3BD1-4F4A-B2C1-A24F0DAE8CCD}.Debug|Any CPU.Build.0 = Debug|Any CPU
		{1856E8C7-3BD1-4F4A-B2C1-A24F0DAE8CCD}.Release|Any CPU.ActiveCfg = Release|Any CPU
		{1856E8C7-3BD1-4F4A-B2C1-A24F0DAE8CCD}.Release|Any CPU.Build.0 = Release|Any CPU
	EndGlobalSection
	GlobalSection(SolutionProperties) = preSolution
		HideSolutionNode = FALSE
	EndGlobalSection
	GlobalSection(ExtensibilityGlobals) = postSolution
		SolutionGuid = {7F058D86-3DAA-42FD-8812-132E15D5409D}
	EndGlobalSection
EndGlobal
