
Microsoft Visual Studio Solution File, Format Version 12.00
# Visual Studio Version 16
VisualStudioVersion = 16.0.31624.102
MinimumVisualStudioVersion = 10.0.40219.1
Project("{FAE04EC0-301F-11D3-BF4B-00C04F79EFBC}") = "Lab13", "Lab13.csproj", "{C50B82F3-6513-461B-B2C0-7FAE8ADA6519}"
EndProject
Global
	GlobalSection(SolutionConfigurationPlatforms) = preSolution
		Debug|Any CPU = Debug|Any CPU
		Release|Any CPU = Release|Any CPU
	EndGlobalSection
	GlobalSection(ProjectConfigurationPlatforms) = postSolution
		{C50B82F3-6513-461B-B2C0-7FAE8ADA6519}.Debug|Any CPU.ActiveCfg = Debug|Any CPU
		{C50B82F3-6513-461B-B2C0-7FAE8ADA6519}.Debug|Any CPU.Build.0 = Debug|Any CPU
		{C50B82F3-6513-461B-B2C0-7FAE8ADA6519}.Release|Any CPU.ActiveCfg = Release|Any CPU
		{C50B82F3-6513-461B-B2C0-7FAE8ADA6519}.Release|Any CPU.Build.0 = Release|Any CPU
	EndGlobalSection
	GlobalSection(SolutionProperties) = preSolution
		HideSolutionNode = FALSE
	EndGlobalSection
	GlobalSection(ExtensibilityGlobals) = postSolution
		SolutionGuid = {071D5ECE-C687-4C1A-940D-DF7A0F26D98C}
	EndGlobalSection
EndGlobal
